// !$*UTF8*$!
{
	archiveVersion = 1;
	classes = {
	};
	objectVersion = 46;
	objects = {

/* Begin PBXBuildFile section */
		60856FA51D8101C0009D51AB /* main.m in Sources */ = {isa = PBXBuildFile; fileRef = 60856FA41D8101C0009D51AB /* main.m */; };
		60856FA81D8101C0009D51AB /* AppDelegate.m in Sources */ = {isa = PBXBuildFile; fileRef = 60856FA71D8101C0009D51AB /* AppDelegate.m */; };
		60856FAB1D8101C0009D51AB /* ViewController.m in Sources */ = {isa = PBXBuildFile; fileRef = 60856FAA1D8101C0009D51AB /* ViewController.m */; };
		60856FAE1D8101C0009D51AB /* Main.storyboard in Resources */ = {isa = PBXBuildFile; fileRef = 60856FAC1D8101C0009D51AB /* Main.storyboard */; };
		60856FB01D8101C0009D51AB /* Assets.xcassets in Resources */ = {isa = PBXBuildFile; fileRef = 60856FAF1D8101C0009D51AB /* Assets.xcassets */; };
		60856FB31D8101C0009D51AB /* LaunchScreen.storyboard in Resources */ = {isa = PBXBuildFile; fileRef = 60856FB11D8101C0009D51AB /* LaunchScreen.storyboard */; };
		60856FBB1D81047A009D51AB /* ball.png in Resources */ = {isa = PBXBuildFile; fileRef = 60856FBA1D81047A009D51AB /* ball.png */; };
/* End PBXBuildFile section */

/* Begin PBXFileReference section */
		60856FA01D8101BF009D51AB /* iRollingBall.app */ = {isa = PBXFileReference; explicitFileType = wrapper.application; includeInIndex = 0; path = iRollingBall.app; sourceTree = BUILT_PRODUCTS_DIR; };
		60856FA41D8101C0009D51AB /* main.m */ = {isa = PBXFileReference; lastKnownFileType = sourcecode.c.objc; path = main.m; sourceTree = "<group>"; };
		60856FA61D8101C0009D51AB /* AppDelegate.h */ = {isa = PBXFileReference; lastKnownFileType = sourcecode.c.h; path = AppDelegate.h; sourceTree = "<group>"; };
		60856FA71D8101C0009D51AB /* AppDelegate.m */ = {isa = PBXFileReference; lastKnownFileType = sourcecode.c.objc; path = AppDelegate.m; sourceTree = "<group>"; };
		60856FA91D8101C0009D51AB /* ViewController.h */ = {isa = PBXFileReference; lastKnownFileType = sourcecode.c.h; path = ViewController.h; sourceTree = "<group>"; };
		60856FAA1D8101C0009D51AB /* ViewController.m */ = {isa = PBXFileReference; lastKnownFileType = sourcecode.c.objc; path = ViewController.m; sourceTree = "<group>"; };
		60856FAD1D8101C0009D51AB /* Base */ = {isa = PBXFileReference; lastKnownFileType = file.storyboard; name = Base; path = Base.lproj/Main.storyboard; sourceTree = "<group>"; };
		60856FAF1D8101C0009D51AB /* Assets.xcassets */ = {isa = PBXFileReference; lastKnownFileType = folder.assetcatalog; path = Assets.xcassets; sourceTree = "<group>"; };
		60856FB21D8101C0009D51AB /* Base */ = {isa = PBXFileReference; lastKnownFileType = file.storyboard; name = Base; path = Base.lproj/LaunchScreen.storyboard; sourceTree = "<group>"; };
		60856FB41D8101C0009D51AB /* Info.plist */ = {isa = PBXFileReference; lastKnownFileType = text.plist.xml; path = Info.plist; sourceTree = "<group>"; };
		60856FBA1D81047A009D51AB /* ball.png */ = {isa = PBXFileReference; lastKnownFileType = image.png; path = ball.png; sourceTree = "<group>"; };
/* End PBXFileReference section */

/* Begin PBXFrameworksBuildPhase section */
		60856F9D1D8101BF009D51AB /* Frameworks */ = {
			isa = PBXFrameworksBuildPhase;
			buildActionMask = 2147483647;
			files = (
			);
			runOnlyForDeploymentPostprocessing = 0;
		};
/* End PBXFrameworksBuildPhase section */

/* Begin PBXGroup section */
		60856F971D8101BF009D51AB = {
			isa = PBXGroup;
			children = (
				60856FA21D8101BF009D51AB /* iRollingBall */,
				60856FA11D8101BF009D51AB /* Products */,
			);
			sourceTree = "<group>";
		};
		60856FA11D8101BF009D51AB /* Products */ = {
			isa = PBXGroup;
			children = (
				60856FA01D8101BF009D51AB /* iRollingBall.app */,
			);
			name = Products;
			sourceTree = "<group>";
		};
		60856FA21D8101BF009D51AB /* iRollingBall */ = {
			isa = PBXGroup;
			children = (
				60856FBA1D81047A009D51AB /* ball.png */,
				60856FA61D8101C0009D51AB /* AppDelegate.h */,
				60856FA71D8101C0009D51AB /* AppDelegate.m */,
				60856FA91D8101C0009D51AB /* ViewController.h */,
				60856FAA1D8101C0009D51AB /* ViewController.m */,
				60856FAC1D8101C0009D51AB /* Main.storyboard */,
				60856FAF1D8101C0009D51AB /* Assets.xcassets */,
				60856FB11D8101C0009D51AB /* LaunchScreen.storyboard */,
				60856FB41D8101C0009D51AB /* Info.plist */,
				60856FA31D8101BF009D51AB /* Supporting Files */,
			);
			path = iRollingBall;
			sourceTree = "<group>";
		};
		60856FA31D8101BF009D51AB /* Supporting Files */ = {
			isa = PBXGroup;
			children = (
				60856FA41D8101C0009D51AB /* main.m */,
			);
			name = "Supporting Files";
			sourceTree = "<group>";
		};
/* End PBXGroup section */

/* Begin PBXNativeTarget section */
		60856F9F1D8101BF009D51AB /* iRollingBall */ = {
			isa = PBXNativeTarget;
			buildConfigurationList = 60856FB71D8101C0009D51AB /* Build configuration list for PBXNativeTarget "iRollingBall" */;
			buildPhases = (
				60856F9C1D8101BF009D51AB /* Sources */,
				60856F9D1D8101BF009D51AB /* Frameworks */,
				60856F9E1D8101BF009D51AB /* Resources */,
			);
			buildRules = (
			);
			dependencies = (
			);
			name = iRollingBall;
			productName = iRollingBall;
			productReference = 60856FA01D8101BF009D51AB /* iRollingBall.app */;
			productType = "com.apple.product-type.application";
		};
/* End PBXNativeTarget section */

/* Begin PBXProject section */
		60856F981D8101BF009D51AB /* Project object */ = {
			isa = PBXProject;
			attributes = {
				LastUpgradeCheck = 0730;
				ORGANIZATIONNAME = "Bui Duc Khanh";
				TargetAttributes = {
					60856F9F1D8101BF009D51AB = {
						CreatedOnToolsVersion = 7.3.1;
					};
				};
			};
			buildConfigurationList = 60856F9B1D8101BF009D51AB /* Build configuration list for PBXProject "iRollingBall" */;
			compatibilityVersion = "Xcode 3.2";
			developmentRegion = English;
			hasScannedForEncodings = 0;
			knownRegions = (
				en,
				Base,
			);
			mainGroup = 60856F971D8101BF009D51AB;
			productRefGroup = 60856FA11D8101BF009D51AB /* Products */;
			projectDirPath = "";
			projectRoot = "";
			targets = (
				60856F9F1D8101BF009D51AB /* iRollingBall */,
			);
		};
/* End PBXProject section */

/* Begin PBXResourcesBuildPhase section */
		60856F9E1D8101BF009D51AB /* Resources */ = {
			isa = PBXResourcesBuildPhase;
			buildActionMask = 2147483647;
			files = (
				60856FB31D8101C0009D51AB /* LaunchScreen.storyboard in Resources */,
				60856FB01D8101C0009D51AB /* Assets.xcassets in Resources */,
				60856FBB1D81047A009D51AB /* ball.png in Resources */,
				60856FAE1D8101C0009D51AB /* Main.storyboard in Resources */,
			);
			runOnlyForDeploymentPostprocessing = 0;
		};
/* End PBXResourcesBuildPhase section */

/* Begin PBXSourcesBuildPhase section */
		60856F9C1D8101BF009D51AB /* Sources */ = {
			isa = PBXSourcesBuildPhase;
			buildActionMask = 2147483647;
			files = (
				60856FAB1D8101C0009D51AB /* ViewController.m in Sources */,
				60856FA81D8101C0009D51AB /* AppDelegate.m in Sources */,
				60856FA51D8101C0009D51AB /* main.m in Sources */,
			);
			runOnlyForDeploymentPostprocessing = 0;
		};
/* End PBXSourcesBuildPhase section */

/* Begin PBXVariantGroup section */
		60856FAC1D8101C0009D51AB /* Main.storyboard */ = {
			isa = PBXVariantGroup;
			children = (
				60856FAD1D8101C0009D51AB /* Base */,
			);
			name = Main.storyboard;
			sourceTree = "<group>";
		};
		60856FB11D8101C0009D51AB /* LaunchScreen.storyboard */ = {
			isa = PBXVariantGroup;
			children = (
				60856FB21D8101C0009D51AB /* Base */,
			);
			name = LaunchScreen.storyboard;
			sourceTree = "<group>";
		};
/* End PBXVariantGroup section */

/* Begin XCBuildConfiguration section */
		60856FB51D8101C0009D51AB /* Debug */ = {
			isa = XCBuildConfiguration;
			buildSettings = {
				ALWAYS_SEARCH_USER_PATHS = NO;
				CLANG_ANALYZER_NONNULL = YES;
				CLANG_CXX_LANGUAGE_STANDARD = "gnu++0x";
				CLANG_CXX_LIBRARY = "libc++";
				CLANG_ENABLE_MODULES = YES;
				CLANG_ENABLE_OBJC_ARC = YES;
				CLANG_WARN_BOOL_CONVERSION = YES;
				CLANG_WARN_CONSTANT_CONVERSION = YES;
				CLANG_WARN_DIRECT_OBJC_ISA_USAGE = YES_ERROR;
				CLANG_WARN_EMPTY_BODY = YES;
				CLANG_WARN_ENUM_CONVERSION = YES;
				CLANG_WARN_INT_CONVERSION = YES;
				CLANG_WARN_OBJC_ROOT_CLASS = YES_ERROR;
				CLANG_WARN_UNREACHABLE_CODE = YES;
				CLANG_WARN__DUPLICATE_METHOD_MATCH = YES;
				"CODE_SIGN_IDENTITY[sdk=iphoneos*]" = "iPhone Developer";
				COPY_PHASE_STRIP = NO;
				DEBUG_INFORMATION_FORMAT = dwarf;
				ENABLE_STRICT_OBJC_MSGSEND = YES;
				ENABLE_TESTABILITY = YES;
				GCC_C_LANGUAGE_STANDARD = gnu99;
				GCC_DYNAMIC_NO_PIC = NO;
				GCC_NO_COMMON_BLOCKS = YES;
				GCC_OPTIMIZATION_LEVEL = 0;
				GCC_PREPROCESSOR_DEFINITIONS = (
					"DEBUG=1",
					"$(inherited)",
				);
				GCC_WARN_64_TO_32_BIT_CONVERSION = YES;
				GCC_WARN_ABOUT_RETURN_TYPE = YES_ERROR;
				GCC_WARN_UNDECLARED_SELECTOR = YES;
				GCC_WARN_UNINITIALIZED_AUTOS = YES_AGGRESSIVE;
				GCC_WARN_UNUSED_FUNCTION = YES;
				GCC_WARN_UNUSED_VARIABLE = YES;
				IPHONEOS_DEPLOYMENT_TARGET = 9.3;
				MTL_ENABLE_DEBUG_INFO = YES;
				ONLY_ACTIVE_ARCH = YES;
				SDKROOT = iphoneos;
			};
			name = Debug;
		};
		60856FB61D8101C0009D51AB /* Release */ = {
			isa = XCBuildConfiguration;
			buildSettings = {
				ALWAYS_SEARCH_USER_PATHS = NO;
				CLANG_ANALYZER_NONNULL = YES;
				CLANG_CXX_LANGUAGE_STANDARD = "gnu++0x";
				CLANG_CXX_LIBRARY = "libc++";
				CLANG_ENABLE_MODULES = YES;
				CLANG_ENABLE_OBJC_ARC = YES;
				CLANG_WARN_BOOL_CONVERSION = YES;
				CLANG_WARN_CONSTANT_CONVERSION = YES;
				CLANG_WARN_DIRECT_OBJC_ISA_USAGE = YES_ERROR;
				CLANG_WARN_EMPTY_BODY = YES;
				CLANG_WARN_ENUM_CONVERSION = YES;
				CLANG_WARN_INT_CONVERSION = YES;
				CLANG_WARN_OBJC_ROOT_CLASS = YES_ERROR;
				CLANG_WARN_UNREACHABLE_CODE = YES;
				CLANG_WARN__DUPLICATE_METHOD_MATCH = YES;
				"CODE_SIGN_IDENTITY[sdk=iphoneos*]" = "iPhone Developer";
				COPY_PHASE_STRIP = NO;
				DEBUG_INFORMATION_FORMAT = "dwarf-with-dsym";
				ENABLE_NS_ASSERTIONS = NO;
				ENABLE_STRICT_OBJC_MSGSEND = YES;
				GCC_C_LANGUAGE_STANDARD = gnu99;
				GCC_NO_COMMON_BLOCKS = YES;
				GCC_WARN_64_TO_32_BIT_CONVERSION = YES;
				GCC_WARN_ABOUT_RETURN_TYPE = YES_ERROR;
				GCC_WARN_UNDECLARED_SELECTOR = YES;
				GCC_WARN_UNINITIALIZED_AUTOS = YES_AGGRESSIVE;
				GCC_WARN_UNUSED_FUNCTION = YES;
				GCC_WARN_UNUSED_VARIABLE = YES;
				IPHONEOS_DEPLOYMENT_TARGET = 9.3;
				MTL_ENABLE_DEBUG_INFO = NO;
				SDKROOT = iphoneos;
				VALIDATE_PRODUCT = YES;
			};
			name = Release;
		};
		60856FB81D8101C0009D51AB /* Debug */ = {
			isa = XCBuildConfiguration;
			buildSettings = {
				ASSETCATALOG_COMPILER_APPICON_NAME = AppIcon;
				INFOPLIST_FILE = iRollingBall/Info.plist;
				LD_RUNPATH_SEARCH_PATHS = "$(inherited) @executable_path/Frameworks";
				PRODUCT_BUNDLE_IDENTIFIER = vn.khanhbd.iRollingBall;
				PRODUCT_NAME = "$(TARGET_NAME)";
			};
			name = Debug;
		};
		60856FB91D8101C0009D51AB /* Release */ = {
			isa = XCBuildConfiguration;
			buildSettings = {
				ASSETCATALOG_COMPILER_APPICON_NAME = AppIcon;
				INFOPLIST_FILE = iRollingBall/Info.plist;
				LD_RUNPATH_SEARCH_PATHS = "$(inherited) @executable_path/Frameworks";
				PRODUCT_BUNDLE_IDENTIFIER = vn.khanhbd.iRollingBall;
				PRODUCT_NAME = "$(TARGET_NAME)";
			};
			name = Release;
		};
/* End XCBuildConfiguration section */

/* Begin XCConfigurationList section */
		60856F9B1D8101BF009D51AB /* Build configuration list for PBXProject "iRollingBall" */ = {
			isa = XCConfigurationList;
			buildConfigurations = (
				60856FB51D8101C0009D51AB /* Debug */,
				60856FB61D8101C0009D51AB /* Release */,
			);
			defaultConfigurationIsVisible = 0;
			defaultConfigurationName = Release;
		};
		60856FB71D8101C0009D51AB /* Build configuration list for PBXNativeTarget "iRollingBall" */ = {
			isa = XCConfigurationList;
			buildConfigurations = (
				60856FB81D8101C0009D51AB /* Debug */,
				60856FB91D8101C0009D51AB /* Release */,
			);
			defaultConfigurationIsVisible = 0;
		};
/* End XCConfigurationList section */
	};
	rootObject = 60856F981D8101BF009D51AB /* Project object */;
}
